// !$*UTF8*$!
{
	archiveVersion = 1;
	classes = {
	};
	objectVersion = 50;
	objects = {

/* Begin PBXBuildFile section */
		DA1AFEB5213B30C1009545EE /* AppDelegate.swift in Sources */ = {isa = PBXBuildFile; fileRef = DA1AFEB4213B30C1009545EE /* AppDelegate.swift */; };
		DA1AFEB7213B30C1009545EE /* ViewController.swift in Sources */ = {isa = PBXBuildFile; fileRef = DA1AFEB6213B30C1009545EE /* ViewController.swift */; };
		DA1AFEBF213B30C2009545EE /* LaunchScreen.storyboard in Resources */ = {isa = PBXBuildFile; fileRef = DA1AFEBD213B30C2009545EE /* LaunchScreen.storyboard */; };
		DA1AFED0213B314D009545EE /* BlogPost.swift in Sources */ = {isa = PBXBuildFile; fileRef = DA1AFECF213B314D009545EE /* BlogPost.swift */; };
		DA1AFED2213B3152009545EE /* Server.swift in Sources */ = {isa = PBXBuildFile; fileRef = DA1AFED1213B3152009545EE /* Server.swift */; };
		DA1AFED4213B3394009545EE /* BlogPostsRequest.swift in Sources */ = {isa = PBXBuildFile; fileRef = DA1AFED3213B3394009545EE /* BlogPostsRequest.swift */; };
/* End PBXBuildFile section */

/* Begin PBXFileReference section */
		DA1AFEB1213B30C1009545EE /* SymlinkedSPMExample.app */ = {isa = PBXFileReference; explicitFileType = wrapper.application; includeInIndex = 0; path = SymlinkedSPMExample.app; sourceTree = BUILT_PRODUCTS_DIR; };
		DA1AFEB4213B30C1009545EE /* AppDelegate.swift */ = {isa = PBXFileReference; lastKnownFileType = sourcecode.swift; path = AppDelegate.swift; sourceTree = "<group>"; };
		DA1AFEB6213B30C1009545EE /* ViewController.swift */ = {isa = PBXFileReference; lastKnownFileType = sourcecode.swift; path = ViewController.swift; sourceTree = "<group>"; };
		DA1AFEBE213B30C2009545EE /* Base */ = {isa = PBXFileReference; lastKnownFileType = file.storyboard; name = Base; path = Base.lproj/LaunchScreen.storyboard; sourceTree = "<group>"; };
		DA1AFEC0213B30C2009545EE /* Info.plist */ = {isa = PBXFileReference; lastKnownFileType = text.plist.xml; path = Info.plist; sourceTree = "<group>"; };
		DA1AFECF213B314D009545EE /* BlogPost.swift */ = {isa = PBXFileReference; lastKnownFileType = sourcecode.swift; path = BlogPost.swift; sourceTree = "<group>"; };
		DA1AFED1213B3152009545EE /* Server.swift */ = {isa = PBXFileReference; lastKnownFileType = sourcecode.swift; path = Server.swift; sourceTree = "<group>"; };
		DA1AFED3213B3394009545EE /* BlogPostsRequest.swift */ = {isa = PBXFileReference; lastKnownFileType = sourcecode.swift; path = BlogPostsRequest.swift; sourceTree = "<group>"; };
/* End PBXFileReference section */

/* Begin PBXFrameworksBuildPhase section */
		DA1AFEAE213B30C1009545EE /* Frameworks */ = {
			isa = PBXFrameworksBuildPhase;
			buildActionMask = 2147483647;
			files = (
			);
			runOnlyForDeploymentPostprocessing = 0;
		};
/* End PBXFrameworksBuildPhase section */

/* Begin PBXGroup section */
		DA1AFEA8213B30C1009545EE = {
			isa = PBXGroup;
			children = (
				DA1AFEB3213B30C1009545EE /* SymlinkedSPMExample */,
				DA1AFEB2213B30C1009545EE /* Products */,
			);
			sourceTree = "<group>";
		};
		DA1AFEB2213B30C1009545EE /* Products */ = {
			isa = PBXGroup;
			children = (
				DA1AFEB1213B30C1009545EE /* SymlinkedSPMExample.app */,
			);
			name = Products;
			sourceTree = "<group>";
		};
		DA1AFEB3213B30C1009545EE /* SymlinkedSPMExample */ = {
			isa = PBXGroup;
			children = (
				DA1AFECD213B3145009545EE /* WebService */,
				DA1AFEB4213B30C1009545EE /* AppDelegate.swift */,
				DA1AFEB6213B30C1009545EE /* ViewController.swift */,
				DA1AFEBD213B30C2009545EE /* LaunchScreen.storyboard */,
				DA1AFEC0213B30C2009545EE /* Info.plist */,
			);
			path = SymlinkedSPMExample;
			sourceTree = "<group>";
		};
		DA1AFECD213B3145009545EE /* WebService */ = {
			isa = PBXGroup;
			children = (
				DA1AFECE213B3145009545EE /* Types */,
				DA1AFED1213B3152009545EE /* Server.swift */,
			);
			path = WebService;
			sourceTree = "<group>";
		};
		DA1AFECE213B3145009545EE /* Types */ = {
			isa = PBXGroup;
			children = (
				DA1AFECF213B314D009545EE /* BlogPost.swift */,
				DA1AFED3213B3394009545EE /* BlogPostsRequest.swift */,
			);
			path = Types;
			sourceTree = "<group>";
		};
/* End PBXGroup section */

/* Begin PBXNativeTarget section */
		DA1AFEB0213B30C1009545EE /* SymlinkedSPMExample */ = {
			isa = PBXNativeTarget;
			buildConfigurationList = DA1AFEC3213B30C2009545EE /* Build configuration list for PBXNativeTarget "SymlinkedSPMExample" */;
			buildPhases = (
				DA1AFEAD213B30C1009545EE /* Sources */,
				DA1AFEAE213B30C1009545EE /* Frameworks */,
				DA1AFEAF213B30C1009545EE /* Resources */,
			);
			buildRules = (
			);
			dependencies = (
			);
			name = SymlinkedSPMExample;
			productName = SymlinkedSPMExample;
			productReference = DA1AFEB1213B30C1009545EE /* SymlinkedSPMExample.app */;
			productType = "com.apple.product-type.application";
		};
/* End PBXNativeTarget section */

/* Begin PBXProject section */
		DA1AFEA9213B30C1009545EE /* Project object */ = {
			isa = PBXProject;
			attributes = {
				LastSwiftUpdateCheck = 0940;
				LastUpgradeCheck = 0940;
				ORGANIZATIONNAME = "Paul Samuels";
				TargetAttributes = {
					DA1AFEB0213B30C1009545EE = {
						CreatedOnToolsVersion = 9.4.1;
					};
				};
			};
			buildConfigurationList = DA1AFEAC213B30C1009545EE /* Build configuration list for PBXProject "SymlinkedSPMExample" */;
			compatibilityVersion = "Xcode 9.3";
			developmentRegion = en;
			hasScannedForEncodings = 0;
			knownRegions = (
				en,
				Base,
			);
			mainGroup = DA1AFEA8213B30C1009545EE;
			productRefGroup = DA1AFEB2213B30C1009545EE /* Products */;
			projectDirPath = "";
			projectRoot = "";
			targets = (
				DA1AFEB0213B30C1009545EE /* SymlinkedSPMExample */,
			);
		};
/* End PBXProject section */

/* Begin PBXResourcesBuildPhase section */
		DA1AFEAF213B30C1009545EE /* Resources */ = {
			isa = PBXResourcesBuildPhase;
			buildActionMask = 2147483647;
			files = (
				DA1AFEBF213B30C2009545EE /* LaunchScreen.storyboard in Resources */,
			);
			runOnlyForDeploymentPostprocessing = 0;
		};
/* End PBXResourcesBuildPhase section */

/* Begin PBXSourcesBuildPhase section */
		DA1AFEAD213B30C1009545EE /* Sources */ = {
			isa = PBXSourcesBuildPhase;
			buildActionMask = 2147483647;
			files = (
				DA1AFED0213B314D009545EE /* BlogPost.swift in Sources */,
				DA1AFEB7213B30C1009545EE /* ViewController.swift in Sources */,
				DA1AFED2213B3152009545EE /* Server.swift in Sources */,
				DA1AFED4213B3394009545EE /* BlogPostsRequest.swift in Sources */,
				DA1AFEB5213B30C1009545EE /* AppDelegate.swift in Sources */,
			);
			runOnlyForDeploymentPostprocessing = 0;
		};
/* End PBXSourcesBuildPhase section */

/* Begin PBXVariantGroup section */
		DA1AFEBD213B30C2009545EE /* LaunchScreen.storyboard */ = {
			isa = PBXVariantGroup;
			children = (
				DA1AFEBE213B30C2009545EE /* Base */,
			);
			name = LaunchScreen.storyboard;
			sourceTree = "<group>";
		};
/* End PBXVariantGroup section */

/* Begin XCBuildConfiguration section */
		DA1AFEC1213B30C2009545EE /* Debug */ = {
			isa = XCBuildConfiguration;
			buildSettings = {
				ALWAYS_SEARCH_USER_PATHS = NO;
				CLANG_ANALYZER_NONNULL = YES;
				CLANG_ANALYZER_NUMBER_OBJECT_CONVERSION = YES_AGGRESSIVE;
				CLANG_CXX_LANGUAGE_STANDARD = "gnu++14";
				CLANG_CXX_LIBRARY = "libc++";
				CLANG_ENABLE_MODULES = YES;
				CLANG_ENABLE_OBJC_ARC = YES;
				CLANG_ENABLE_OBJC_WEAK = YES;
				CLANG_WARN_BLOCK_CAPTURE_AUTORELEASING = YES;
				CLANG_WARN_BOOL_CONVERSION = YES;
				CLANG_WARN_COMMA = YES;
				CLANG_WARN_CONSTANT_CONVERSION = YES;
				CLANG_WARN_DEPRECATED_OBJC_IMPLEMENTATIONS = YES;
				CLANG_WARN_DIRECT_OBJC_ISA_USAGE = YES_ERROR;
				CLANG_WARN_DOCUMENTATION_COMMENTS = YES;
				CLANG_WARN_EMPTY_BODY = YES;
				CLANG_WARN_ENUM_CONVERSION = YES;
				CLANG_WARN_INFINITE_RECURSION = YES;
				CLANG_WARN_INT_CONVERSION = YES;
				CLANG_WARN_NON_LITERAL_NULL_CONVERSION = YES;
				CLANG_WARN_OBJC_IMPLICIT_RETAIN_SELF = YES;
				CLANG_WARN_OBJC_LITERAL_CONVERSION = YES;
				CLANG_WARN_OBJC_ROOT_CLASS = YES_ERROR;
				CLANG_WARN_RANGE_LOOP_ANALYSIS = YES;
				CLANG_WARN_STRICT_PROTOTYPES = YES;
				CLANG_WARN_SUSPICIOUS_MOVE = YES;
				CLANG_WARN_UNGUARDED_AVAILABILITY = YES_AGGRESSIVE;
				CLANG_WARN_UNREACHABLE_CODE = YES;
				CLANG_WARN__DUPLICATE_METHOD_MATCH = YES;
				CODE_SIGN_IDENTITY = "iPhone Developer";
				COPY_PHASE_STRIP = NO;
				DEBUG_INFORMATION_FORMAT = dwarf;
				ENABLE_STRICT_OBJC_MSGSEND = YES;
				ENABLE_TESTABILITY = YES;
				GCC_C_LANGUAGE_STANDARD = gnu11;
				GCC_DYNAMIC_NO_PIC = NO;
				GCC_NO_COMMON_BLOCKS = YES;
				GCC_OPTIMIZATION_LEVEL = 0;
				GCC_PREPROCESSOR_DEFINITIONS = (
					"DEBUG=1",
					"$(inherited)",
				);
				GCC_WARN_64_TO_32_BIT_CONVERSION = YES;
				GCC_WARN_ABOUT_RETURN_TYPE = YES_ERROR;
				GCC_WARN_UNDECLARED_SELECTOR = YES;
				GCC_WARN_UNINITIALIZED_AUTOS = YES_AGGRESSIVE;
				GCC_WARN_UNUSED_FUNCTION = YES;
				GCC_WARN_UNUSED_VARIABLE = YES;
				IPHONEOS_DEPLOYMENT_TARGET = 11.4;
				MTL_ENABLE_DEBUG_INFO = YES;
				ONLY_ACTIVE_ARCH = YES;
				SDKROOT = iphoneos;
				SWIFT_ACTIVE_COMPILATION_CONDITIONS = DEBUG;
				SWIFT_OPTIMIZATION_LEVEL = "-Onone";
			};
			name = Debug;
		};
		DA1AFEC2213B30C2009545EE /* Release */ = {
			isa = XCBuildConfiguration;
			buildSettings = {
				ALWAYS_SEARCH_USER_PATHS = NO;
				CLANG_ANALYZER_NONNULL = YES;
				CLANG_ANALYZER_NUMBER_OBJECT_CONVERSION = YES_AGGRESSIVE;
				CLANG_CXX_LANGUAGE_STANDARD = "gnu++14";
				CLANG_CXX_LIBRARY = "libc++";
				CLANG_ENABLE_MODULES = YES;
				CLANG_ENABLE_OBJC_ARC = YES;
				CLANG_ENABLE_OBJC_WEAK = YES;
				CLANG_WARN_BLOCK_CAPTURE_AUTORELEASING = YES;
				CLANG_WARN_BOOL_CONVERSION = YES;
				CLANG_WARN_COMMA = YES;
				CLANG_WARN_CONSTANT_CONVERSION = YES;
				CLANG_WARN_DEPRECATED_OBJC_IMPLEMENTATIONS = YES;
				CLANG_WARN_DIRECT_OBJC_ISA_USAGE = YES_ERROR;
				CLANG_WARN_DOCUMENTATION_COMMENTS = YES;
				CLANG_WARN_EMPTY_BODY = YES;
				CLANG_WARN_ENUM_CONVERSION = YES;
				CLANG_WARN_INFINITE_RECURSION = YES;
				CLANG_WARN_INT_CONVERSION = YES;
				CLANG_WARN_NON_LITERAL_NULL_CONVERSION = YES;
				CLANG_WARN_OBJC_IMPLICIT_RETAIN_SELF = YES;
				CLANG_WARN_OBJC_LITERAL_CONVERSION = YES;
				CLANG_WARN_OBJC_ROOT_CLASS = YES_ERROR;
				CLANG_WARN_RANGE_LOOP_ANALYSIS = YES;
				CLANG_WARN_STRICT_PROTOTYPES = YES;
				CLANG_WARN_SUSPICIOUS_MOVE = YES;
				CLANG_WARN_UNGUARDED_AVAILABILITY = YES_AGGRESSIVE;
				CLANG_WARN_UNREACHABLE_CODE = YES;
				CLANG_WARN__DUPLICATE_METHOD_MATCH = YES;
				CODE_SIGN_IDENTITY = "iPhone Developer";
				COPY_PHASE_STRIP = NO;
				DEBUG_INFORMATION_FORMAT = "dwarf-with-dsym";
				ENABLE_NS_ASSERTIONS = NO;
				ENABLE_STRICT_OBJC_MSGSEND = YES;
				GCC_C_LANGUAGE_STANDARD = gnu11;
				GCC_NO_COMMON_BLOCKS = YES;
				GCC_WARN_64_TO_32_BIT_CONVERSION = YES;
				GCC_WARN_ABOUT_RETURN_TYPE = YES_ERROR;
				GCC_WARN_UNDECLARED_SELECTOR = YES;
				GCC_WARN_UNINITIALIZED_AUTOS = YES_AGGRESSIVE;
				GCC_WARN_UNUSED_FUNCTION = YES;
				GCC_WARN_UNUSED_VARIABLE = YES;
				IPHONEOS_DEPLOYMENT_TARGET = 11.4;
				MTL_ENABLE_DEBUG_INFO = NO;
				SDKROOT = iphoneos;
				SWIFT_COMPILATION_MODE = wholemodule;
				SWIFT_OPTIMIZATION_LEVEL = "-O";
				VALIDATE_PRODUCT = YES;
			};
			name = Release;
		};
		DA1AFEC4213B30C2009545EE /* Debug */ = {
			isa = XCBuildConfiguration;
			buildSettings = {
				ASSETCATALOG_COMPILER_APPICON_NAME = AppIcon;
				CODE_SIGN_STYLE = Automatic;
				INFOPLIST_FILE = SymlinkedSPMExample/Info.plist;
				LD_RUNPATH_SEARCH_PATHS = (
					"$(inherited)",
					"@executable_path/Frameworks",
				);
				PRODUCT_BUNDLE_IDENTIFIER = "com.paul-samuels.SymlinkedSPMExample";
				PRODUCT_NAME = "$(TARGET_NAME)";
				SWIFT_VERSION = 4.0;
				TARGETED_DEVICE_FAMILY = "1,2";
			};
			name = Debug;
		};
		DA1AFEC5213B30C2009545EE /* Release */ = {
			isa = XCBuildConfiguration;
			buildSettings = {
				ASSETCATALOG_COMPILER_APPICON_NAME = AppIcon;
				CODE_SIGN_STYLE = Automatic;
				INFOPLIST_FILE = SymlinkedSPMExample/Info.plist;
				LD_RUNPATH_SEARCH_PATHS = (
					"$(inherited)",
					"@executable_path/Frameworks",
				);
				PRODUCT_BUNDLE_IDENTIFIER = "com.paul-samuels.SymlinkedSPMExample";
				PRODUCT_NAME = "$(TARGET_NAME)";
				SWIFT_VERSION = 4.0;
				TARGETED_DEVICE_FAMILY = "1,2";
			};
			name = Release;
		};
/* End XCBuildConfiguration section */

/* Begin XCConfigurationList section */
		DA1AFEAC213B30C1009545EE /* Build configuration list for PBXProject "SymlinkedSPMExample" */ = {
			isa = XCConfigurationList;
			buildConfigurations = (
				DA1AFEC1213B30C2009545EE /* Debug */,
				DA1AFEC2213B30C2009545EE /* Release */,
			);
			defaultConfigurationIsVisible = 0;
			defaultConfigurationName = Release;
		};
		DA1AFEC3213B30C2009545EE /* Build configuration list for PBXNativeTarget "SymlinkedSPMExample" */ = {
			isa = XCConfigurationList;
			buildConfigurations = (
				DA1AFEC4213B30C2009545EE /* Debug */,
				DA1AFEC5213B30C2009545EE /* Release */,
			);
			defaultConfigurationIsVisible = 0;
			defaultConfigurationName = Release;
		};
/* End XCConfigurationList section */
	};
	rootObject = DA1AFEA9213B30C1009545EE /* Project object */;
}
